
Microsoft Visual Studio Solution File, Format Version 12.00
# Visual Studio Version 17
VisualStudioVersion = 17.8.34525.116
MinimumVisualStudioVersion = 10.0.40219.1
Project("{FAE04EC0-301F-11D3-BF4B-00C04F79EFBC}") = "MauiApp1", "MauiApp1\MauiApp1.csproj", "{8DADDCC0-05AD-4D4C-9146-7D2EDEAF11AD}"
EndProject
Global
	GlobalSection(SolutionConfigurationPlatforms) = preSolution
		Debug|Any CPU = Debug|Any CPU
		Release|Any CPU = Release|Any CPU
	EndGlobalSection
	GlobalSection(ProjectConfigurationPlatforms) = postSolution
		{8DADDCC0-05AD-4D4C-9146-7D2EDEAF11AD}.Debug|Any CPU.ActiveCfg = Debug|Any CPU
		{8DADDCC0-05AD-4D4C-9146-7D2EDEAF11AD}.Debug|Any CPU.Build.0 = Debug|Any CPU
		{8DADDCC0-05AD-4D4C-9146-7D2EDEAF11AD}.Debug|Any CPU.Deploy.0 = Debug|Any CPU
		{8DADDCC0-05AD-4D4C-9146-7D2EDEAF11AD}.Release|Any CPU.ActiveCfg = Release|Any CPU
		{8DADDCC0-05AD-4D4C-9146-7D2EDEAF11AD}.Release|Any CPU.Build.0 = Release|Any CPU
		{8DADDCC0-05AD-4D4C-9146-7D2EDEAF11AD}.Release|Any CPU.Deploy.0 = Release|Any CPU
	EndGlobalSection
	GlobalSection(SolutionProperties) = preSolution
		HideSolutionNode = FALSE
	EndGlobalSection
	GlobalSection(ExtensibilityGlobals) = postSolution
		SolutionGuid = {AC1FA6A6-E8F5-4ACF-9216-04C365B5C37F}
	EndGlobalSection
EndGlobal
