
Microsoft Visual Studio Solution File, Format Version 12.00
# Visual Studio Version 17
VisualStudioVersion = 17.7.34003.232
MinimumVisualStudioVersion = 10.0.40219.1
Project("{9A19103F-16F7-4668-BE54-9A1E7A4F7556}") = "Weighed Dice 20", "Weighed Dice 20\Weighed Dice 20.csproj", "{EE0F1577-DE02-4474-BA3E-27AC5935AC63}"
EndProject
Project("{9A19103F-16F7-4668-BE54-9A1E7A4F7556}") = "GUI test", "GUI test\GUI test.csproj", "{5A43246C-1807-41C0-AFD2-934F8ECEC325}"
EndProject
Project("{FAE04EC0-301F-11D3-BF4B-00C04F79EFBC}") = "MAUI test", "MAUI test\MAUI test.csproj", "{250C1F7D-615D-49D7-936F-0916BCC1443B}"
EndProject
Global
	GlobalSection(SolutionConfigurationPlatforms) = preSolution
		Debug|Any CPU = Debug|Any CPU
		Release|Any CPU = Release|Any CPU
	EndGlobalSection
	GlobalSection(ProjectConfigurationPlatforms) = postSolution
		{EE0F1577-DE02-4474-BA3E-27AC5935AC63}.Debug|Any CPU.ActiveCfg = Debug|Any CPU
		{EE0F1577-DE02-4474-BA3E-27AC5935AC63}.Debug|Any CPU.Build.0 = Debug|Any CPU
		{EE0F1577-DE02-4474-BA3E-27AC5935AC63}.Release|Any CPU.ActiveCfg = Release|Any CPU
		{EE0F1577-DE02-4474-BA3E-27AC5935AC63}.Release|Any CPU.Build.0 = Release|Any CPU
		{5A43246C-1807-41C0-AFD2-934F8ECEC325}.Debug|Any CPU.ActiveCfg = Debug|Any CPU
		{5A43246C-1807-41C0-AFD2-934F8ECEC325}.Debug|Any CPU.Build.0 = Debug|Any CPU
		{5A43246C-1807-41C0-AFD2-934F8ECEC325}.Release|Any CPU.ActiveCfg = Release|Any CPU
		{5A43246C-1807-41C0-AFD2-934F8ECEC325}.Release|Any CPU.Build.0 = Release|Any CPU
		{250C1F7D-615D-49D7-936F-0916BCC1443B}.Debug|Any CPU.ActiveCfg = Debug|Any CPU
		{250C1F7D-615D-49D7-936F-0916BCC1443B}.Debug|Any CPU.Build.0 = Debug|Any CPU
		{250C1F7D-615D-49D7-936F-0916BCC1443B}.Debug|Any CPU.Deploy.0 = Debug|Any CPU
		{250C1F7D-615D-49D7-936F-0916BCC1443B}.Release|Any CPU.ActiveCfg = Release|Any CPU
		{250C1F7D-615D-49D7-936F-0916BCC1443B}.Release|Any CPU.Build.0 = Release|Any CPU
		{250C1F7D-615D-49D7-936F-0916BCC1443B}.Release|Any CPU.Deploy.0 = Release|Any CPU
	EndGlobalSection
	GlobalSection(SolutionProperties) = preSolution
		HideSolutionNode = FALSE
	EndGlobalSection
	GlobalSection(ExtensibilityGlobals) = postSolution
		SolutionGuid = {A4534CBB-652C-4839-888B-6F9F10363924}
	EndGlobalSection
EndGlobal
